
Microsoft Visual Studio Solution File, Format Version 12.00
# Visual Studio Version 17
VisualStudioVersion = 17.6.33801.468
MinimumVisualStudioVersion = 10.0.40219.1
Project("{9A19103F-16F7-4668-BE54-9A1E7A4F7556}") = "MapTrackingWithSignalR.API", "MapTrackingWithSignalR.API\MapTrackingWithSignalR.API.csproj", "{07B5DF59-E7E0-4883-9416-D9E6CAF7C457}"
EndProject
Project("{FAE04EC0-301F-11D3-BF4B-00C04F79EFBC}") = "MapTrackingWithSignalR.Web", "MapTrackingWithSignalR.Web\MapTrackingWithSignalR.Web.csproj", "{1EF99CCD-C6CB-4845-AA27-C4C0FCD95380}"
EndProject
Project("{FAE04EC0-301F-11D3-BF4B-00C04F79EFBC}") = "MapTrackingWithSignalR.Simulation", "MapTrackingWithSignalR.Simulation\MapTrackingWithSignalR.Simulation.csproj", "{E2087259-01D9-42F9-A8E9-02645D0AB5D8}"
EndProject
Global
	GlobalSection(SolutionConfigurationPlatforms) = preSolution
		Debug|Any CPU = Debug|Any CPU
		Release|Any CPU = Release|Any CPU
	EndGlobalSection
	GlobalSection(ProjectConfigurationPlatforms) = postSolution
		{07B5DF59-E7E0-4883-9416-D9E6CAF7C457}.Debug|Any CPU.ActiveCfg = Debug|Any CPU
		{07B5DF59-E7E0-4883-9416-D9E6CAF7C457}.Debug|Any CPU.Build.0 = Debug|Any CPU
		{07B5DF59-E7E0-4883-9416-D9E6CAF7C457}.Release|Any CPU.ActiveCfg = Release|Any CPU
		{07B5DF59-E7E0-4883-9416-D9E6CAF7C457}.Release|Any CPU.Build.0 = Release|Any CPU
		{1EF99CCD-C6CB-4845-AA27-C4C0FCD95380}.Debug|Any CPU.ActiveCfg = Debug|Any CPU
		{1EF99CCD-C6CB-4845-AA27-C4C0FCD95380}.Debug|Any CPU.Build.0 = Debug|Any CPU
		{1EF99CCD-C6CB-4845-AA27-C4C0FCD95380}.Release|Any CPU.ActiveCfg = Release|Any CPU
		{1EF99CCD-C6CB-4845-AA27-C4C0FCD95380}.Release|Any CPU.Build.0 = Release|Any CPU
		{E2087259-01D9-42F9-A8E9-02645D0AB5D8}.Debug|Any CPU.ActiveCfg = Debug|Any CPU
		{E2087259-01D9-42F9-A8E9-02645D0AB5D8}.Debug|Any CPU.Build.0 = Debug|Any CPU
		{E2087259-01D9-42F9-A8E9-02645D0AB5D8}.Release|Any CPU.ActiveCfg = Release|Any CPU
		{E2087259-01D9-42F9-A8E9-02645D0AB5D8}.Release|Any CPU.Build.0 = Release|Any CPU
	EndGlobalSection
	GlobalSection(SolutionProperties) = preSolution
		HideSolutionNode = FALSE
	EndGlobalSection
	GlobalSection(ExtensibilityGlobals) = postSolution
		SolutionGuid = {0BF588E5-7191-478D-A835-9E6679705535}
	EndGlobalSection
EndGlobal
